<?xml version="1.0" encoding="UTF-8" standalone="yes" ?>
<CodeBlocks_project_file>
	<FileVersion major="1" minor="6" />
	<Project>
		<Option title="Sistema_de_vendas" />
		<Option pch_mode="2" />
		<Option compiler="gcc" />
		<Build>
			<Target title="Debug">
				<Option output="bin/Debug/Sistema_de_vendas" prefix_auto="1" extension_auto="1" />
				<Option object_output="obj/Debug/" />
				<Option type="1" />
				<Option compiler="gcc" />
				<Compiler>
					<Add option="-g" />
				</Compiler>
			</Target>
			<Target title="Release">
				<Option output="bin/Release/Sistema_de_vendas" prefix_auto="1" extension_auto="1" />
				<Option object_output="obj/Release/" />
				<Option type="1" />
				<Option compiler="gcc" />
				<Compiler>
					<Add option="-O2" />
				</Compiler>
				<Linker>
					<Add option="-s" />
				</Linker>
			</Target>
		</Build>
		<Compiler>
			<Add option="-Wall" />
			<Add option="-fexceptions" />
		</Compiler>
		<Unit filename="administrador.h" />
		<Unit filename="administrdor.cpp" />
		<Unit filename="aluno.cpp" />
		<Unit filename="aluno.h" />
		<Unit filename="bibliotecas.h" />
		<Unit filename="cadastro_produto.cpp" />
		<Unit filename="cadastro_produto.h" />
		<Unit filename="forma_de_pagamento.cpp" />
		<Unit filename="forma_de_pagamento.h" />
		<Unit filename="funcionario.cpp" />
		<Unit filename="funcionario.h" />
		<Unit filename="loja.cpp" />
		<Unit filename="loja.h" />
		<Unit filename="main.cpp" />
		<Unit filename="pedido.cpp" />
		<Unit filename="pedido.h" />
		<Unit filename="tipo_de_usuario.cpp" />
		<Unit filename="tipo_de_usuario.h" />
		<Extensions>
			<lib_finder disable_auto="1" />
		</Extensions>
	</Project>
</CodeBlocks_project_file>
